
Microsoft Visual Studio Solution File, Format Version 12.00
# Visual Studio Version 17
VisualStudioVersion = 17.9.34902.65
MinimumVisualStudioVersion = 10.0.40219.1
Project("{FAE04EC0-301F-11D3-BF4B-00C04F79EFBC}") = "PruebaTecnicaAdres", "PruebaTecnicaAdres\PruebaTecnicaAdres.csproj", "{6F8EB05C-2EEB-4EA8-AF45-2F82B0A352FF}"
EndProject
Global
	GlobalSection(SolutionConfigurationPlatforms) = preSolution
		Debug|Any CPU = Debug|Any CPU
		Release|Any CPU = Release|Any CPU
	EndGlobalSection
	GlobalSection(ProjectConfigurationPlatforms) = postSolution
		{6F8EB05C-2EEB-4EA8-AF45-2F82B0A352FF}.Debug|Any CPU.ActiveCfg = Debug|Any CPU
		{6F8EB05C-2EEB-4EA8-AF45-2F82B0A352FF}.Debug|Any CPU.Build.0 = Debug|Any CPU
		{6F8EB05C-2EEB-4EA8-AF45-2F82B0A352FF}.Release|Any CPU.ActiveCfg = Release|Any CPU
		{6F8EB05C-2EEB-4EA8-AF45-2F82B0A352FF}.Release|Any CPU.Build.0 = Release|Any CPU
	EndGlobalSection
	GlobalSection(SolutionProperties) = preSolution
		HideSolutionNode = FALSE
	EndGlobalSection
	GlobalSection(ExtensibilityGlobals) = postSolution
		SolutionGuid = {50959D77-2D3F-4A3A-9594-A0ECDB1B73B4}
	EndGlobalSection
EndGlobal
